<?xml version="1.0" encoding="utf-8"?>
<Project ToolsVersion="4.0" xmlns="http://schemas.microsoft.com/developer/msbuild/2003">
  <ItemGroup>
    <ClCompile Include="Src\Object\CharacterBase.cpp" />
    <ClCompile Include="Src\Application.cpp" />
    <ClCompile Include="Src\main.cpp" />
    <ClCompile Include="pch.cpp" />
    <ClCompile Include="Src\Object\Common\Animation2DController.cpp" />
    <ClCompile Include="Src\Object\CPUBase.cpp" />
    <ClCompile Include="Src\Object\Fruit\Apple.cpp" />
    <ClCompile Include="Src\Object\Object.cpp" />
    <ClCompile Include="Src\Scene\AnswerScene.cpp" />
    <ClCompile Include="Src\Scene\PlayScene.cpp" />
    <ClCompile Include="Src\Scene\SceneBase.cpp" />
    <ClCompile Include="Src\Scene\SceneManager.cpp" />
    <ClCompile Include="Src\Utility\Fader.cpp" />
    <ClCompile Include="Src\Utility\Timer.cpp" />
    <ClCompile Include="Src\Utility\Utility.cpp" />
    <ClCompile Include="Src\Common\Vector2.cpp" />
    <ClCompile Include="Src\Common\Vector2F.cpp" />
    <ClCompile Include="Src\UI\UITime.cpp" />
    <ClCompile Include="Src\UI\UIBase.cpp" />
    <ClCompile Include="Src\Object\Car\Car.cpp" />
  </ItemGroup>
  <ItemGroup>
    <ClInclude Include="Src\Object\CharacterBase.h" />
    <ClInclude Include="Src\Application.h" />
    <ClInclude Include="Src\main.h" />
    <ClInclude Include="pch.h" />
    <ClInclude Include="Src\Object\Common\Animation2DController.h" />
    <ClInclude Include="Src\Object\CPUBase.h" />
    <ClInclude Include="Src\Object\Fruit\Apple.h" />
    <ClInclude Include="Src\Object\Object.h" />
    <ClInclude Include="Src\Scene\AnswerScene.h" />
    <ClInclude Include="Src\Scene\PlayScene.h" />
    <ClInclude Include="Src\Scene\SceneBase.h" />
    <ClInclude Include="Src\Scene\SceneID.h" />
    <ClInclude Include="Src\Scene\SceneManager.h" />
    <ClInclude Include="Src\Utility\Fader.h" />
    <ClInclude Include="Src\Utility\Timer.h" />
    <ClInclude Include="Src\Utility\Utility.h" />
    <ClInclude Include="Src\Common\Vector2.h" />
    <ClInclude Include="Src\Common\Vector2F.h" />
    <ClInclude Include="Src\UI\UITime.h" />
    <ClInclude Include="Src\UI\UIBase.h" />
    <ClInclude Include="Src\Object\Car\Car.h" />
    <ClInclude Include="Src\Object\ObjectID.h" />
  </ItemGroup>
</Project>